{
  "object": {
    "pins": [
      {
        "package": "PubNub",
        "repositoryURL": "https://github.com/pubnub/swift.git",
        "state": {
          "branch": "master",
          "revision": "9a197442fb2449cd88fc7f1d75f560fadfa20e2f",
          "version": null
        }
      }
    ]
  },
  "version": 1
}
