// !$*UTF8*$!
{
	archiveVersion = 1;
	classes = {
	};
	objectVersion = 46;
	objects = {

/* Begin PBXAggregateTarget section */
		359152A222BA9F380048842D /* Linting */ = {
			isa = PBXAggregateTarget;
			buildConfigurationList = 359152A522BA9F380048842D /* Build configuration list for PBXAggregateTarget "Linting" */;
			buildPhases = (
				359152A822BA9F5B0048842D /* Swift Format */,
				359152A922BA9F5D0048842D /* Swift Lint */,
			);
			dependencies = (
			);
			name = Linting;
			productName = PubNubPackageTests;
		};
		"PubNub::PubNubPackageTests::ProductTarget" /* PubNubPackageTests */ = {
			isa = PBXAggregateTarget;
			buildConfigurationList = OBJ_40 /* Build configuration list for PBXAggregateTarget "PubNubPackageTests" */;
			buildPhases = (
			);
			dependencies = (
				OBJ_43 /* PBXTargetDependency */,
			);
			name = PubNubPackageTests;
			productName = PubNubPackageTests;
		};
/* End PBXAggregateTarget section */

/* Begin PBXBuildFile section */
		35089A0922E3C08D002BCC94 /* Error+PubNub.swift in Sources */ = {isa = PBXBuildFile; fileRef = 35089A0822E3C08D002BCC94 /* Error+PubNub.swift */; };
		35089A0B22E56F1F002BCC94 /* StringConstants.swift in Sources */ = {isa = PBXBuildFile; fileRef = 35089A0A22E56F1F002BCC94 /* StringConstants.swift */; };
		350EFBDA22C9487B00FA33AA /* PNError.swift in Sources */ = {isa = PBXBuildFile; fileRef = 350EFBD922C9487B00FA33AA /* PNError.swift */; };
		350EFBDC22C951F700FA33AA /* Request.swift in Sources */ = {isa = PBXBuildFile; fileRef = 350EFBDB22C951F700FA33AA /* Request.swift */; };
		350EFBDE22C9520400FA33AA /* Response.swift in Sources */ = {isa = PBXBuildFile; fileRef = 350EFBDD22C9520400FA33AA /* Response.swift */; };
		350EFBE022C9573F00FA33AA /* NSLocking+PubNub.swift in Sources */ = {isa = PBXBuildFile; fileRef = 350EFBDF22C9573F00FA33AA /* NSLocking+PubNub.swift */; };
		350EFBE422C95FED00FA33AA /* Atomic.swift in Sources */ = {isa = PBXBuildFile; fileRef = 350EFBE322C95FED00FA33AA /* Atomic.swift */; };
		35277A6722D673090083B9B6 /* SessionDelegate.swift in Sources */ = {isa = PBXBuildFile; fileRef = 35277A6622D673090083B9B6 /* SessionDelegate.swift */; };
		35277A7022D6B3F90083B9B6 /* URL+PubNub.swift in Sources */ = {isa = PBXBuildFile; fileRef = 35277A6F22D6B3F90083B9B6 /* URL+PubNub.swift */; };
		3534D4E222C56533008E89FA /* TimeEndpoint.swift in Sources */ = {isa = PBXBuildFile; fileRef = 3534D4E122C56533008E89FA /* TimeEndpoint.swift */; };
		3534D4E422C57659008E89FA /* PublishEndpoint.swift in Sources */ = {isa = PBXBuildFile; fileRef = 3534D4E322C57659008E89FA /* PublishEndpoint.swift */; };
		3534D4E622C67CCA008E89FA /* Router.swift in Sources */ = {isa = PBXBuildFile; fileRef = 3534D4E522C67CCA008E89FA /* Router.swift */; };
		3534D4E822C67D0E008E89FA /* OperationQueue+PubNub.swift in Sources */ = {isa = PBXBuildFile; fileRef = 3534D4E722C67D0E008E89FA /* OperationQueue+PubNub.swift */; };
		354ADA8822D909A30093EFFB /* Convertible+PubNub.swift in Sources */ = {isa = PBXBuildFile; fileRef = 354ADA8722D909A30093EFFB /* Convertible+PubNub.swift */; };
		354ADA8C22D923F20093EFFB /* Replaceables+PubNub.swift in Sources */ = {isa = PBXBuildFile; fileRef = 354ADA8B22D923F20093EFFB /* Replaceables+PubNub.swift */; };
		354ADA8E22DA7F280093EFFB /* SessionStream.swift in Sources */ = {isa = PBXBuildFile; fileRef = 354ADA8D22DA7F280093EFFB /* SessionStream.swift */; };
		354ADA9022DA81650093EFFB /* DateFormatter+PubNub.swift in Sources */ = {isa = PBXBuildFile; fileRef = 354ADA8F22DA81650093EFFB /* DateFormatter+PubNub.swift */; };
		354ADA9422DCBC360093EFFB /* ResponseOperator.swift in Sources */ = {isa = PBXBuildFile; fileRef = 354ADA9322DCBC350093EFFB /* ResponseOperator.swift */; };
		354FC4C122D04D3600318932 /* DispatchQueue+PubNub.swift in Sources */ = {isa = PBXBuildFile; fileRef = 354FC4C022D04D3600318932 /* DispatchQueue+PubNub.swift */; };
		355BE9FD22C2917C000EC334 /* AnyJSON.swift in Sources */ = {isa = PBXBuildFile; fileRef = 355BE9FC22C2917C000EC334 /* AnyJSON.swift */; };
		355BE9FF22C2B74A000EC334 /* AnyJSONTests.swift in Sources */ = {isa = PBXBuildFile; fileRef = 355BE9FE22C2B74A000EC334 /* AnyJSONTests.swift */; };
		355BEA0422C2CE05000EC334 /* subscription.json in Resources */ = {isa = PBXBuildFile; fileRef = 355BEA0122C2CD0C000EC334 /* subscription.json */; };
		355C47A222CBD6F2006C3EEE /* EventStream.swift in Sources */ = {isa = PBXBuildFile; fileRef = 355C47A122CBD6F2006C3EEE /* EventStream.swift */; };
		355F213122DE4D97004DEFBF /* Endpoint.swift in Sources */ = {isa = PBXBuildFile; fileRef = 355F213022DE4D97004DEFBF /* Endpoint.swift */; };
		355F213722DECFCD004DEFBF /* Typealias+PubNub.swift in Sources */ = {isa = PBXBuildFile; fileRef = 355F213622DECFCD004DEFBF /* Typealias+PubNub.swift */; };
		3567434622E1284000BF2639 /* PubNubRouter.swift in Sources */ = {isa = PBXBuildFile; fileRef = 3567434522E1284000BF2639 /* PubNubRouter.swift */; };
		3567434822E1E4F700BF2639 /* Collection+PubNub.swift in Sources */ = {isa = PBXBuildFile; fileRef = 3567434722E1E4F700BF2639 /* Collection+PubNub.swift */; };
		357D1C1B22CB04C4003625BA /* Bool+PubNub.swift in Sources */ = {isa = PBXBuildFile; fileRef = 357D1C1A22CB04C4003625BA /* Bool+PubNub.swift */; };
		35834F3922E600C60034CF0C /* EndpointErrorPayload.swift in Sources */ = {isa = PBXBuildFile; fileRef = 35834F3822E600C60034CF0C /* EndpointErrorPayload.swift */; };
		35834F3E22E62BDE0034CF0C /* AnyJSON+Codable.swift in Sources */ = {isa = PBXBuildFile; fileRef = 35834F3D22E62BDE0034CF0C /* AnyJSON+Codable.swift */; };
		35834F4022E62C300034CF0C /* PNError+LocalizedError.swift in Sources */ = {isa = PBXBuildFile; fileRef = 35834F3F22E62C300034CF0C /* PNError+LocalizedError.swift */; };
		35834F4222E639F30034CF0C /* SubscribeEndpoint.swift in Sources */ = {isa = PBXBuildFile; fileRef = 350EFBD722C926C300FA33AA /* SubscribeEndpoint.swift */; };
		3585033222CD138300A11D9A /* Set+PubNub.swift in Sources */ = {isa = PBXBuildFile; fileRef = 3585033122CD138300A11D9A /* Set+PubNub.swift */; };
		3585033422CD139400A11D9A /* String+PubNub.swift in Sources */ = {isa = PBXBuildFile; fileRef = 3585033322CD139400A11D9A /* String+PubNub.swift */; };
		3585033722CD4A1A00A11D9A /* RequestOperator.swift in Sources */ = {isa = PBXBuildFile; fileRef = 3585033622CD4A1A00A11D9A /* RequestOperator.swift */; };
		3585033B22CD545400A11D9A /* URLRequest+PubNub.swift in Sources */ = {isa = PBXBuildFile; fileRef = 3585033A22CD545400A11D9A /* URLRequest+PubNub.swift */; };
		359152A122BA9AA30048842D /* PubNubConfiguration.swift in Sources */ = {isa = PBXBuildFile; fileRef = 359152A022BA9AA30048842D /* PubNubConfiguration.swift */; };
		359152AB22BAA6730048842D /* PubNubConfigurationTests.swift in Sources */ = {isa = PBXBuildFile; fileRef = 359152AA22BAA6730048842D /* PubNubConfigurationTests.swift */; };
		35EE358822E247B200E3F081 /* URLSessionConfiguration+PubNub.swift in Sources */ = {isa = PBXBuildFile; fileRef = 35EE358722E247B200E3F081 /* URLSessionConfiguration+PubNub.swift */; };
		35EE358A22E2671600E3F081 /* HTTPHeaders.swift in Sources */ = {isa = PBXBuildFile; fileRef = 35EE358922E2671600E3F081 /* HTTPHeaders.swift */; };
		35EE358C22E26A4D00E3F081 /* HTTPURLResponse+PubNub.swift in Sources */ = {isa = PBXBuildFile; fileRef = 35EE358B22E26A4D00E3F081 /* HTTPURLResponse+PubNub.swift */; };
		35F0259422BBE822007BD7D3 /* UUID+PubNub.swift in Sources */ = {isa = PBXBuildFile; fileRef = 35F0259322BBE821007BD7D3 /* UUID+PubNub.swift */; };
		35F0259622BBE918007BD7D3 /* UUID+PubNubTests.swift in Sources */ = {isa = PBXBuildFile; fileRef = 35F0259522BBE918007BD7D3 /* UUID+PubNubTests.swift */; };
		35F0259922BBFA85007BD7D3 /* Session.swift in Sources */ = {isa = PBXBuildFile; fileRef = 35F0259822BBFA85007BD7D3 /* Session.swift */; };
		35F0259B22BC109F007BD7D3 /* NetworkTests.swift in Sources */ = {isa = PBXBuildFile; fileRef = 35F0259A22BC109F007BD7D3 /* NetworkTests.swift */; };
		OBJ_31 /* PubNub.swift in Sources */ = {isa = PBXBuildFile; fileRef = OBJ_11 /* PubNub.swift */; };
		OBJ_38 /* Package.swift in Sources */ = {isa = PBXBuildFile; fileRef = OBJ_6 /* Package.swift */; };
		OBJ_49 /* PubNubTests.swift in Sources */ = {isa = PBXBuildFile; fileRef = OBJ_15 /* PubNubTests.swift */; };
		OBJ_51 /* PubNub.framework in Frameworks */ = {isa = PBXBuildFile; fileRef = "PubNub::PubNub::Product" /* PubNub.framework */; };
/* End PBXBuildFile section */

/* Begin PBXContainerItemProxy section */
		35EA73F422B1916100D97BF0 /* PBXContainerItemProxy */ = {
			isa = PBXContainerItemProxy;
			containerPortal = OBJ_1 /* Project object */;
			proxyType = 1;
			remoteGlobalIDString = "PubNub::PubNub";
			remoteInfo = PubNub;
		};
		35EA73F522B1916300D97BF0 /* PBXContainerItemProxy */ = {
			isa = PBXContainerItemProxy;
			containerPortal = OBJ_1 /* Project object */;
			proxyType = 1;
			remoteGlobalIDString = "PubNub::PubNubTests";
			remoteInfo = PubNubTests;
		};
/* End PBXContainerItemProxy section */

/* Begin PBXFileReference section */
		35089A0822E3C08D002BCC94 /* Error+PubNub.swift */ = {isa = PBXFileReference; lastKnownFileType = sourcecode.swift; path = "Error+PubNub.swift"; sourceTree = "<group>"; };
		35089A0A22E56F1F002BCC94 /* StringConstants.swift */ = {isa = PBXFileReference; lastKnownFileType = sourcecode.swift; path = StringConstants.swift; sourceTree = "<group>"; };
		350EFBD722C926C300FA33AA /* SubscribeEndpoint.swift */ = {isa = PBXFileReference; lastKnownFileType = sourcecode.swift; path = SubscribeEndpoint.swift; sourceTree = "<group>"; };
		350EFBD922C9487B00FA33AA /* PNError.swift */ = {isa = PBXFileReference; lastKnownFileType = sourcecode.swift; path = PNError.swift; sourceTree = "<group>"; };
		350EFBDB22C951F700FA33AA /* Request.swift */ = {isa = PBXFileReference; lastKnownFileType = sourcecode.swift; path = Request.swift; sourceTree = "<group>"; };
		350EFBDD22C9520400FA33AA /* Response.swift */ = {isa = PBXFileReference; lastKnownFileType = sourcecode.swift; path = Response.swift; sourceTree = "<group>"; };
		350EFBDF22C9573F00FA33AA /* NSLocking+PubNub.swift */ = {isa = PBXFileReference; lastKnownFileType = sourcecode.swift; path = "NSLocking+PubNub.swift"; sourceTree = "<group>"; };
		350EFBE322C95FED00FA33AA /* Atomic.swift */ = {isa = PBXFileReference; lastKnownFileType = sourcecode.swift; path = Atomic.swift; sourceTree = "<group>"; };
		35277A6622D673090083B9B6 /* SessionDelegate.swift */ = {isa = PBXFileReference; lastKnownFileType = sourcecode.swift; path = SessionDelegate.swift; sourceTree = "<group>"; };
		35277A6F22D6B3F90083B9B6 /* URL+PubNub.swift */ = {isa = PBXFileReference; lastKnownFileType = sourcecode.swift; path = "URL+PubNub.swift"; sourceTree = "<group>"; };
		3534D4E122C56533008E89FA /* TimeEndpoint.swift */ = {isa = PBXFileReference; lastKnownFileType = sourcecode.swift; path = TimeEndpoint.swift; sourceTree = "<group>"; };
		3534D4E322C57659008E89FA /* PublishEndpoint.swift */ = {isa = PBXFileReference; lastKnownFileType = sourcecode.swift; path = PublishEndpoint.swift; sourceTree = "<group>"; };
		3534D4E522C67CCA008E89FA /* Router.swift */ = {isa = PBXFileReference; lastKnownFileType = sourcecode.swift; path = Router.swift; sourceTree = "<group>"; };
		3534D4E722C67D0E008E89FA /* OperationQueue+PubNub.swift */ = {isa = PBXFileReference; lastKnownFileType = sourcecode.swift; path = "OperationQueue+PubNub.swift"; sourceTree = "<group>"; };
		354ADA8722D909A30093EFFB /* Convertible+PubNub.swift */ = {isa = PBXFileReference; lastKnownFileType = sourcecode.swift; path = "Convertible+PubNub.swift"; sourceTree = "<group>"; };
		354ADA8B22D923F20093EFFB /* Replaceables+PubNub.swift */ = {isa = PBXFileReference; lastKnownFileType = sourcecode.swift; path = "Replaceables+PubNub.swift"; sourceTree = "<group>"; };
		354ADA8D22DA7F280093EFFB /* SessionStream.swift */ = {isa = PBXFileReference; lastKnownFileType = sourcecode.swift; path = SessionStream.swift; sourceTree = "<group>"; };
		354ADA8F22DA81650093EFFB /* DateFormatter+PubNub.swift */ = {isa = PBXFileReference; lastKnownFileType = sourcecode.swift; path = "DateFormatter+PubNub.swift"; sourceTree = "<group>"; };
		354ADA9322DCBC350093EFFB /* ResponseOperator.swift */ = {isa = PBXFileReference; lastKnownFileType = sourcecode.swift; path = ResponseOperator.swift; sourceTree = "<group>"; };
		354FC4C022D04D3600318932 /* DispatchQueue+PubNub.swift */ = {isa = PBXFileReference; lastKnownFileType = sourcecode.swift; path = "DispatchQueue+PubNub.swift"; sourceTree = "<group>"; };
		355BE9FC22C2917C000EC334 /* AnyJSON.swift */ = {isa = PBXFileReference; lastKnownFileType = sourcecode.swift; path = AnyJSON.swift; sourceTree = "<group>"; };
		355BE9FE22C2B74A000EC334 /* AnyJSONTests.swift */ = {isa = PBXFileReference; lastKnownFileType = sourcecode.swift; path = AnyJSONTests.swift; sourceTree = "<group>"; };
		355BEA0122C2CD0C000EC334 /* subscription.json */ = {isa = PBXFileReference; lastKnownFileType = text.json; path = subscription.json; sourceTree = "<group>"; };
		355C47A122CBD6F2006C3EEE /* EventStream.swift */ = {isa = PBXFileReference; lastKnownFileType = sourcecode.swift; path = EventStream.swift; sourceTree = "<group>"; };
		355F213022DE4D97004DEFBF /* Endpoint.swift */ = {isa = PBXFileReference; lastKnownFileType = sourcecode.swift; path = Endpoint.swift; sourceTree = "<group>"; };
		355F213622DECFCD004DEFBF /* Typealias+PubNub.swift */ = {isa = PBXFileReference; lastKnownFileType = sourcecode.swift; path = "Typealias+PubNub.swift"; sourceTree = "<group>"; };
		3567434522E1284000BF2639 /* PubNubRouter.swift */ = {isa = PBXFileReference; lastKnownFileType = sourcecode.swift; path = PubNubRouter.swift; sourceTree = "<group>"; };
		3567434722E1E4F700BF2639 /* Collection+PubNub.swift */ = {isa = PBXFileReference; lastKnownFileType = sourcecode.swift; path = "Collection+PubNub.swift"; sourceTree = "<group>"; };
		357D1C1A22CB04C4003625BA /* Bool+PubNub.swift */ = {isa = PBXFileReference; lastKnownFileType = sourcecode.swift; path = "Bool+PubNub.swift"; sourceTree = "<group>"; };
		35834F3822E600C60034CF0C /* EndpointErrorPayload.swift */ = {isa = PBXFileReference; lastKnownFileType = sourcecode.swift; path = EndpointErrorPayload.swift; sourceTree = "<group>"; };
		35834F3D22E62BDE0034CF0C /* AnyJSON+Codable.swift */ = {isa = PBXFileReference; lastKnownFileType = sourcecode.swift; path = "AnyJSON+Codable.swift"; sourceTree = "<group>"; };
		35834F3F22E62C300034CF0C /* PNError+LocalizedError.swift */ = {isa = PBXFileReference; lastKnownFileType = sourcecode.swift; path = "PNError+LocalizedError.swift"; sourceTree = "<group>"; };
		3585033122CD138300A11D9A /* Set+PubNub.swift */ = {isa = PBXFileReference; lastKnownFileType = sourcecode.swift; path = "Set+PubNub.swift"; sourceTree = "<group>"; };
		3585033322CD139400A11D9A /* String+PubNub.swift */ = {isa = PBXFileReference; lastKnownFileType = sourcecode.swift; path = "String+PubNub.swift"; sourceTree = "<group>"; };
		3585033622CD4A1A00A11D9A /* RequestOperator.swift */ = {isa = PBXFileReference; lastKnownFileType = sourcecode.swift; path = RequestOperator.swift; sourceTree = "<group>"; };
		3585033A22CD545400A11D9A /* URLRequest+PubNub.swift */ = {isa = PBXFileReference; lastKnownFileType = sourcecode.swift; path = "URLRequest+PubNub.swift"; sourceTree = "<group>"; };
		359152A022BA9AA30048842D /* PubNubConfiguration.swift */ = {isa = PBXFileReference; lastKnownFileType = sourcecode.swift; path = PubNubConfiguration.swift; sourceTree = "<group>"; };
		359152AA22BAA6730048842D /* PubNubConfigurationTests.swift */ = {isa = PBXFileReference; lastKnownFileType = sourcecode.swift; path = PubNubConfigurationTests.swift; sourceTree = "<group>"; };
		359F778A22B7FDDB00B6B46F /* Gemfile */ = {isa = PBXFileReference; explicitFileType = text.script.ruby; fileEncoding = 4; path = Gemfile; sourceTree = "<group>"; };
		35EE358722E247B200E3F081 /* URLSessionConfiguration+PubNub.swift */ = {isa = PBXFileReference; lastKnownFileType = sourcecode.swift; path = "URLSessionConfiguration+PubNub.swift"; sourceTree = "<group>"; };
		35EE358922E2671600E3F081 /* HTTPHeaders.swift */ = {isa = PBXFileReference; lastKnownFileType = sourcecode.swift; path = HTTPHeaders.swift; sourceTree = "<group>"; };
		35EE358B22E26A4D00E3F081 /* HTTPURLResponse+PubNub.swift */ = {isa = PBXFileReference; lastKnownFileType = sourcecode.swift; path = "HTTPURLResponse+PubNub.swift"; sourceTree = "<group>"; };
		35F0257222BAB043007BD7D3 /* PubNub_Info.plist */ = {isa = PBXFileReference; lastKnownFileType = text.plist.xml; name = PubNub_Info.plist; path = PubNub.xcodeproj/PubNub_Info.plist; sourceTree = SOURCE_ROOT; };
		35F0257322BAB04F007BD7D3 /* PubNubTests_Info.plist */ = {isa = PBXFileReference; lastKnownFileType = text.plist.xml; name = PubNubTests_Info.plist; path = PubNub.xcodeproj/PubNubTests_Info.plist; sourceTree = SOURCE_ROOT; };
		35F0259322BBE821007BD7D3 /* UUID+PubNub.swift */ = {isa = PBXFileReference; lastKnownFileType = sourcecode.swift; path = "UUID+PubNub.swift"; sourceTree = "<group>"; };
		35F0259522BBE918007BD7D3 /* UUID+PubNubTests.swift */ = {isa = PBXFileReference; lastKnownFileType = sourcecode.swift; path = "UUID+PubNubTests.swift"; sourceTree = "<group>"; };
		35F0259822BBFA85007BD7D3 /* Session.swift */ = {isa = PBXFileReference; lastKnownFileType = sourcecode.swift; path = Session.swift; sourceTree = "<group>"; };
		35F0259A22BC109F007BD7D3 /* NetworkTests.swift */ = {isa = PBXFileReference; lastKnownFileType = sourcecode.swift; path = NetworkTests.swift; sourceTree = "<group>"; };
		OBJ_11 /* PubNub.swift */ = {isa = PBXFileReference; lastKnownFileType = sourcecode.swift; path = PubNub.swift; sourceTree = "<group>"; };
		OBJ_15 /* PubNubTests.swift */ = {isa = PBXFileReference; lastKnownFileType = sourcecode.swift; path = PubNubTests.swift; sourceTree = "<group>"; };
		OBJ_21 /* LICENSE */ = {isa = PBXFileReference; lastKnownFileType = text; path = LICENSE; sourceTree = "<group>"; };
		OBJ_22 /* CHANGELOG.md */ = {isa = PBXFileReference; lastKnownFileType = net.daringfireball.markdown; path = CHANGELOG.md; sourceTree = "<group>"; };
		OBJ_23 /* README.md */ = {isa = PBXFileReference; lastKnownFileType = net.daringfireball.markdown; path = README.md; sourceTree = "<group>"; };
		OBJ_24 /* PubNubSwift.podspec */ = {isa = PBXFileReference; explicitFileType = text.script.ruby; path = PubNubSwift.podspec; sourceTree = "<group>"; };
		OBJ_6 /* Package.swift */ = {isa = PBXFileReference; explicitFileType = sourcecode.swift; path = Package.swift; sourceTree = "<group>"; };
		OBJ_9 /* PubNub.h */ = {isa = PBXFileReference; lastKnownFileType = sourcecode.c.h; path = PubNub.h; sourceTree = "<group>"; };
		"PubNub::PubNub::Product" /* PubNub.framework */ = {isa = PBXFileReference; explicitFileType = wrapper.framework; path = PubNub.framework; sourceTree = BUILT_PRODUCTS_DIR; };
		"PubNub::PubNubTests::Product" /* PubNubTests.xctest */ = {isa = PBXFileReference; explicitFileType = wrapper.cfbundle; path = PubNubTests.xctest; sourceTree = BUILT_PRODUCTS_DIR; };
/* End PBXFileReference section */

/* Begin PBXFrameworksBuildPhase section */
		OBJ_32 /* Frameworks */ = {
			isa = PBXFrameworksBuildPhase;
			buildActionMask = 0;
			files = (
			);
			runOnlyForDeploymentPostprocessing = 0;
		};
		OBJ_50 /* Frameworks */ = {
			isa = PBXFrameworksBuildPhase;
			buildActionMask = 0;
			files = (
				OBJ_51 /* PubNub.framework in Frameworks */,
			);
			runOnlyForDeploymentPostprocessing = 0;
		};
/* End PBXFrameworksBuildPhase section */

/* Begin PBXGroup section */
		3534D4E022C56524008E89FA /* Endpoints */ = {
			isa = PBXGroup;
			children = (
				3534D4E122C56533008E89FA /* TimeEndpoint.swift */,
				3534D4E322C57659008E89FA /* PublishEndpoint.swift */,
				350EFBD722C926C300FA33AA /* SubscribeEndpoint.swift */,
				35834F3822E600C60034CF0C /* EndpointErrorPayload.swift */,
			);
			path = Endpoints;
			sourceTree = "<group>";
		};
		354ADA9122DCB9F00093EFFB /* Request */ = {
			isa = PBXGroup;
			children = (
				350EFBDB22C951F700FA33AA /* Request.swift */,
				3585033622CD4A1A00A11D9A /* RequestOperator.swift */,
				3567434322E0203800BF2639 /* Operators */,
			);
			path = Request;
			sourceTree = "<group>";
		};
		354ADA9222DCBA270093EFFB /* Response */ = {
			isa = PBXGroup;
			children = (
				350EFBDD22C9520400FA33AA /* Response.swift */,
				354ADA9322DCBC350093EFFB /* ResponseOperator.swift */,
				3567434422E0205200BF2639 /* Operators */,
			);
			path = Response;
			sourceTree = "<group>";
		};
		3556839322D28B8E0073A29C /* Events */ = {
			isa = PBXGroup;
			children = (
				355C47A122CBD6F2006C3EEE /* EventStream.swift */,
				355F213322DE5C6F004DEFBF /* Session */,
			);
			path = Events;
			sourceTree = "<group>";
		};
		355BE9F922C28C29000EC334 /* Helpers */ = {
			isa = PBXGroup;
			children = (
				355BE9FC22C2917C000EC334 /* AnyJSON.swift */,
				35834F3D22E62BDE0034CF0C /* AnyJSON+Codable.swift */,
				350EFBE322C95FED00FA33AA /* Atomic.swift */,
				35EE358922E2671600E3F081 /* HTTPHeaders.swift */,
				35089A0A22E56F1F002BCC94 /* StringConstants.swift */,
				355F213622DECFCD004DEFBF /* Typealias+PubNub.swift */,
			);
			path = Helpers;
			sourceTree = "<group>";
		};
		355BEA0022C2CCBF000EC334 /* Responses */ = {
			isa = PBXGroup;
			children = (
				355BEA0122C2CD0C000EC334 /* subscription.json */,
			);
			path = Responses;
			sourceTree = "<group>";
		};
		355F213322DE5C6F004DEFBF /* Session */ = {
			isa = PBXGroup;
			children = (
				354ADA8D22DA7F280093EFFB /* SessionStream.swift */,
			);
			path = Session;
			sourceTree = "<group>";
		};
		3567434322E0203800BF2639 /* Operators */ = {
			isa = PBXGroup;
			children = (
			);
			path = Operators;
			sourceTree = "<group>";
		};
		3567434422E0205200BF2639 /* Operators */ = {
			isa = PBXGroup;
			children = (
			);
			path = Operators;
			sourceTree = "<group>";
		};
		35EA73F622B1916800D97BF0 /* Deployment */ = {
			isa = PBXGroup;
			children = (
				359F778A22B7FDDB00B6B46F /* Gemfile */,
				OBJ_6 /* Package.swift */,
				OBJ_21 /* LICENSE */,
				OBJ_24 /* PubNubSwift.podspec */,
			);
			name = Deployment;
			sourceTree = "<group>";
		};
		35EA73F722B199EA00D97BF0 /* Supporting Files */ = {
			isa = PBXGroup;
			children = (
				OBJ_9 /* PubNub.h */,
				35F0257222BAB043007BD7D3 /* PubNub_Info.plist */,
			);
			name = "Supporting Files";
			sourceTree = "<group>";
		};
		35EA73F822B199FF00D97BF0 /* Supporting Files */ = {
			isa = PBXGroup;
			children = (
				35F0257322BAB04F007BD7D3 /* PubNubTests_Info.plist */,
			);
			name = "Supporting Files";
			sourceTree = "<group>";
		};
		35F0258D22BAC21E007BD7D3 /* Documentation */ = {
			isa = PBXGroup;
			children = (
				OBJ_23 /* README.md */,
				OBJ_22 /* CHANGELOG.md */,
			);
			name = Documentation;
			sourceTree = "<group>";
		};
		35F0259222BBE68B007BD7D3 /* Extensions */ = {
			isa = PBXGroup;
			children = (
				357D1C1A22CB04C4003625BA /* Bool+PubNub.swift */,
				3567434722E1E4F700BF2639 /* Collection+PubNub.swift */,
				354ADA8F22DA81650093EFFB /* DateFormatter+PubNub.swift */,
				354FC4C022D04D3600318932 /* DispatchQueue+PubNub.swift */,
				35089A0822E3C08D002BCC94 /* Error+PubNub.swift */,
				35EE358B22E26A4D00E3F081 /* HTTPURLResponse+PubNub.swift */,
				350EFBDF22C9573F00FA33AA /* NSLocking+PubNub.swift */,
				3534D4E722C67D0E008E89FA /* OperationQueue+PubNub.swift */,
				3585033122CD138300A11D9A /* Set+PubNub.swift */,
				3585033322CD139400A11D9A /* String+PubNub.swift */,
				35277A6F22D6B3F90083B9B6 /* URL+PubNub.swift */,
				3585033A22CD545400A11D9A /* URLRequest+PubNub.swift */,
				35EE358722E247B200E3F081 /* URLSessionConfiguration+PubNub.swift */,
				35F0259322BBE821007BD7D3 /* UUID+PubNub.swift */,
			);
			path = Extensions;
			sourceTree = "<group>";
		};
		35F0259722BBF948007BD7D3 /* Networking */ = {
			isa = PBXGroup;
			children = (
				35F0259822BBFA85007BD7D3 /* Session.swift */,
				35277A6622D673090083B9B6 /* SessionDelegate.swift */,
				3534D4E522C67CCA008E89FA /* Router.swift */,
				3567434522E1284000BF2639 /* PubNubRouter.swift */,
				3534D4E022C56524008E89FA /* Endpoints */,
				354ADA9122DCB9F00093EFFB /* Request */,
				354ADA9222DCBA270093EFFB /* Response */,
				354ADA8722D909A30093EFFB /* Convertible+PubNub.swift */,
				354ADA8B22D923F20093EFFB /* Replaceables+PubNub.swift */,
			);
			path = Networking;
			sourceTree = "<group>";
		};
		OBJ_12 /* Tests */ = {
			isa = PBXGroup;
			children = (
				355BEA0022C2CCBF000EC334 /* Responses */,
				OBJ_15 /* PubNubTests.swift */,
				359152AA22BAA6730048842D /* PubNubConfigurationTests.swift */,
				35F0259522BBE918007BD7D3 /* UUID+PubNubTests.swift */,
				35F0259A22BC109F007BD7D3 /* NetworkTests.swift */,
				355BE9FE22C2B74A000EC334 /* AnyJSONTests.swift */,
				35EA73F822B199FF00D97BF0 /* Supporting Files */,
			);
			name = Tests;
			path = Tests/PubNubTests;
			sourceTree = SOURCE_ROOT;
		};
		OBJ_17 /* Products */ = {
			isa = PBXGroup;
			children = (
				"PubNub::PubNubTests::Product" /* PubNubTests.xctest */,
				"PubNub::PubNub::Product" /* PubNub.framework */,
			);
			name = Products;
			sourceTree = BUILT_PRODUCTS_DIR;
		};
		OBJ_5 = {
			isa = PBXGroup;
			children = (
				35EA73F622B1916800D97BF0 /* Deployment */,
				35F0258D22BAC21E007BD7D3 /* Documentation */,
				OBJ_7 /* Sources */,
				OBJ_12 /* Tests */,
				OBJ_17 /* Products */,
			);
			sourceTree = "<group>";
		};
		OBJ_7 /* Sources */ = {
			isa = PBXGroup;
			children = (
				OBJ_11 /* PubNub.swift */,
				359152A022BA9AA30048842D /* PubNubConfiguration.swift */,
				355F213022DE4D97004DEFBF /* Endpoint.swift */,
				350EFBD922C9487B00FA33AA /* PNError.swift */,
				35834F3F22E62C300034CF0C /* PNError+LocalizedError.swift */,
				35F0259722BBF948007BD7D3 /* Networking */,
				3556839322D28B8E0073A29C /* Events */,
				35F0259222BBE68B007BD7D3 /* Extensions */,
				355BE9F922C28C29000EC334 /* Helpers */,
				35EA73F722B199EA00D97BF0 /* Supporting Files */,
			);
			name = Sources;
			path = Sources/PubNub;
			sourceTree = SOURCE_ROOT;
		};
/* End PBXGroup section */

/* Begin PBXNativeTarget section */
		"PubNub::PubNub" /* PubNub */ = {
			isa = PBXNativeTarget;
			buildConfigurationList = OBJ_27 /* Build configuration list for PBXNativeTarget "PubNub" */;
			buildPhases = (
				OBJ_30 /* Sources */,
				OBJ_32 /* Frameworks */,
			);
			buildRules = (
			);
			dependencies = (
			);
			name = PubNub;
			productName = PubNub;
			productReference = "PubNub::PubNub::Product" /* PubNub.framework */;
			productType = "com.apple.product-type.framework";
		};
		"PubNub::PubNubTests" /* PubNubTests */ = {
			isa = PBXNativeTarget;
			buildConfigurationList = OBJ_45 /* Build configuration list for PBXNativeTarget "PubNubTests" */;
			buildPhases = (
				OBJ_48 /* Sources */,
				OBJ_50 /* Frameworks */,
				355BEA0322C2CDFE000EC334 /* Resources */,
			);
			buildRules = (
			);
			dependencies = (
				OBJ_52 /* PBXTargetDependency */,
			);
			name = PubNubTests;
			productName = PubNubTests;
			productReference = "PubNub::PubNubTests::Product" /* PubNubTests.xctest */;
			productType = "com.apple.product-type.bundle.unit-test";
		};
		"PubNub::SwiftPMPackageDescription" /* PubNubPackageDescription */ = {
			isa = PBXNativeTarget;
			buildConfigurationList = OBJ_34 /* Build configuration list for PBXNativeTarget "PubNubPackageDescription" */;
			buildPhases = (
				OBJ_37 /* Sources */,
			);
			buildRules = (
			);
			dependencies = (
			);
			name = PubNubPackageDescription;
			productName = PubNubPackageDescription;
			productType = "com.apple.product-type.framework";
		};
/* End PBXNativeTarget section */

/* Begin PBXProject section */
		OBJ_1 /* Project object */ = {
			isa = PBXProject;
			attributes = {
				LastSwiftMigration = 9999;
				LastSwiftUpdateCheck = 1020;
				LastUpgradeCheck = 9999;
				TargetAttributes = {
					"PubNub::PubNub" = {
						DevelopmentTeam = 8XP4D6N55Z;
						ProvisioningStyle = Automatic;
					};
					"PubNub::PubNubTests" = {
						DevelopmentTeam = 8XP4D6N55Z;
						ProvisioningStyle = Automatic;
					};
				};
			};
			buildConfigurationList = OBJ_2 /* Build configuration list for PBXProject "PubNub" */;
			compatibilityVersion = "Xcode 3.2";
			developmentRegion = English;
			hasScannedForEncodings = 0;
			knownRegions = (
				English,
				en,
				Base,
			);
			mainGroup = OBJ_5;
			productRefGroup = OBJ_17 /* Products */;
			projectDirPath = "";
			projectRoot = "";
			targets = (
				"PubNub::PubNub" /* PubNub */,
				"PubNub::SwiftPMPackageDescription" /* PubNubPackageDescription */,
				"PubNub::PubNubPackageTests::ProductTarget" /* PubNubPackageTests */,
				"PubNub::PubNubTests" /* PubNubTests */,
				359152A222BA9F380048842D /* Linting */,
			);
		};
/* End PBXProject section */

/* Begin PBXResourcesBuildPhase section */
		355BEA0322C2CDFE000EC334 /* Resources */ = {
			isa = PBXResourcesBuildPhase;
			buildActionMask = 2147483647;
			files = (
				355BEA0422C2CE05000EC334 /* subscription.json in Resources */,
			);
			runOnlyForDeploymentPostprocessing = 0;
		};
/* End PBXResourcesBuildPhase section */

/* Begin PBXShellScriptBuildPhase section */
		359152A822BA9F5B0048842D /* Swift Format */ = {
			isa = PBXShellScriptBuildPhase;
			buildActionMask = 2147483647;
			files = (
			);
			inputFileListPaths = (
			);
			inputPaths = (
			);
			name = "Swift Format";
			outputFileListPaths = (
			);
			outputPaths = (
			);
			runOnlyForDeploymentPostprocessing = 0;
			shellPath = /bin/sh;
			shellScript = "swift run swiftformat .\n";
		};
		359152A922BA9F5D0048842D /* Swift Lint */ = {
			isa = PBXShellScriptBuildPhase;
			buildActionMask = 2147483647;
			files = (
			);
			inputFileListPaths = (
			);
			inputPaths = (
			);
			name = "Swift Lint";
			outputFileListPaths = (
			);
			outputPaths = (
			);
			runOnlyForDeploymentPostprocessing = 0;
			shellPath = /bin/sh;
			shellScript = "swift run swiftlint\n";
		};
/* End PBXShellScriptBuildPhase section */

/* Begin PBXSourcesBuildPhase section */
		OBJ_30 /* Sources */ = {
			isa = PBXSourcesBuildPhase;
			buildActionMask = 0;
			files = (
				3585033B22CD545400A11D9A /* URLRequest+PubNub.swift in Sources */,
				3585033422CD139400A11D9A /* String+PubNub.swift in Sources */,
				354ADA8C22D923F20093EFFB /* Replaceables+PubNub.swift in Sources */,
				35277A7022D6B3F90083B9B6 /* URL+PubNub.swift in Sources */,
				3534D4E222C56533008E89FA /* TimeEndpoint.swift in Sources */,
				355F213122DE4D97004DEFBF /* Endpoint.swift in Sources */,
				35834F4222E639F30034CF0C /* SubscribeEndpoint.swift in Sources */,
				355BE9FD22C2917C000EC334 /* AnyJSON.swift in Sources */,
				350EFBDE22C9520400FA33AA /* Response.swift in Sources */,
				35EE358822E247B200E3F081 /* URLSessionConfiguration+PubNub.swift in Sources */,
				3567434622E1284000BF2639 /* PubNubRouter.swift in Sources */,
				35834F4022E62C300034CF0C /* PNError+LocalizedError.swift in Sources */,
				357D1C1B22CB04C4003625BA /* Bool+PubNub.swift in Sources */,
				35F0259422BBE822007BD7D3 /* UUID+PubNub.swift in Sources */,
				3585033222CD138300A11D9A /* Set+PubNub.swift in Sources */,
				354ADA9422DCBC360093EFFB /* ResponseOperator.swift in Sources */,
				3534D4E622C67CCA008E89FA /* Router.swift in Sources */,
				350EFBDA22C9487B00FA33AA /* PNError.swift in Sources */,
				3567434822E1E4F700BF2639 /* Collection+PubNub.swift in Sources */,
				354FC4C122D04D3600318932 /* DispatchQueue+PubNub.swift in Sources */,
				354ADA8E22DA7F280093EFFB /* SessionStream.swift in Sources */,
				3534D4E822C67D0E008E89FA /* OperationQueue+PubNub.swift in Sources */,
				359152A122BA9AA30048842D /* PubNubConfiguration.swift in Sources */,
				350EFBE422C95FED00FA33AA /* Atomic.swift in Sources */,
				355F213722DECFCD004DEFBF /* Typealias+PubNub.swift in Sources */,
				35F0259922BBFA85007BD7D3 /* Session.swift in Sources */,
				35EE358A22E2671600E3F081 /* HTTPHeaders.swift in Sources */,
				35834F3922E600C60034CF0C /* EndpointErrorPayload.swift in Sources */,
				35277A6722D673090083B9B6 /* SessionDelegate.swift in Sources */,
				355C47A222CBD6F2006C3EEE /* EventStream.swift in Sources */,
				3585033722CD4A1A00A11D9A /* RequestOperator.swift in Sources */,
				354ADA8822D909A30093EFFB /* Convertible+PubNub.swift in Sources */,
				35834F3E22E62BDE0034CF0C /* AnyJSON+Codable.swift in Sources */,
				350EFBDC22C951F700FA33AA /* Request.swift in Sources */,
				OBJ_31 /* PubNub.swift in Sources */,
				354ADA9022DA81650093EFFB /* DateFormatter+PubNub.swift in Sources */,
				35089A0B22E56F1F002BCC94 /* StringConstants.swift in Sources */,
				35089A0922E3C08D002BCC94 /* Error+PubNub.swift in Sources */,
				3534D4E422C57659008E89FA /* PublishEndpoint.swift in Sources */,
				35EE358C22E26A4D00E3F081 /* HTTPURLResponse+PubNub.swift in Sources */,
				350EFBE022C9573F00FA33AA /* NSLocking+PubNub.swift in Sources */,
			);
			runOnlyForDeploymentPostprocessing = 0;
		};
		OBJ_37 /* Sources */ = {
			isa = PBXSourcesBuildPhase;
			buildActionMask = 0;
			files = (
				OBJ_38 /* Package.swift in Sources */,
			);
			runOnlyForDeploymentPostprocessing = 0;
		};
		OBJ_48 /* Sources */ = {
			isa = PBXSourcesBuildPhase;
			buildActionMask = 0;
			files = (
				359152AB22BAA6730048842D /* PubNubConfigurationTests.swift in Sources */,
				35F0259622BBE918007BD7D3 /* UUID+PubNubTests.swift in Sources */,
				35F0259B22BC109F007BD7D3 /* NetworkTests.swift in Sources */,
				355BE9FF22C2B74A000EC334 /* AnyJSONTests.swift in Sources */,
				OBJ_49 /* PubNubTests.swift in Sources */,
			);
			runOnlyForDeploymentPostprocessing = 0;
		};
/* End PBXSourcesBuildPhase section */

/* Begin PBXTargetDependency section */
		OBJ_43 /* PBXTargetDependency */ = {
			isa = PBXTargetDependency;
			target = "PubNub::PubNubTests" /* PubNubTests */;
			targetProxy = 35EA73F522B1916300D97BF0 /* PBXContainerItemProxy */;
		};
		OBJ_52 /* PBXTargetDependency */ = {
			isa = PBXTargetDependency;
			target = "PubNub::PubNub" /* PubNub */;
			targetProxy = 35EA73F422B1916100D97BF0 /* PBXContainerItemProxy */;
		};
/* End PBXTargetDependency section */

/* Begin XCBuildConfiguration section */
		359152A622BA9F380048842D /* Debug */ = {
			isa = XCBuildConfiguration;
			buildSettings = {
				PRODUCT_NAME = "$(TARGET_NAME)";
			};
			name = Debug;
		};
		359152A722BA9F380048842D /* Release */ = {
			isa = XCBuildConfiguration;
			buildSettings = {
				PRODUCT_NAME = "$(TARGET_NAME)";
			};
			name = Release;
		};
		OBJ_28 /* Debug */ = {
			isa = XCBuildConfiguration;
			buildSettings = {
				CODE_SIGN_STYLE = Automatic;
				DEVELOPMENT_TEAM = 8XP4D6N55Z;
				ENABLE_TESTABILITY = YES;
				FRAMEWORK_SEARCH_PATHS = (
					"$(inherited)",
					"$(PLATFORM_DIR)/Developer/Library/Frameworks",
				);
				HEADER_SEARCH_PATHS = "$(inherited)";
				INFOPLIST_FILE = PubNub.xcodeproj/PubNub_Info.plist;
				LD_RUNPATH_SEARCH_PATHS = "$(inherited) $(TOOLCHAIN_DIR)/usr/lib/swift/macosx";
				OTHER_CFLAGS = "$(inherited)";
				OTHER_LDFLAGS = "$(inherited)";
				OTHER_SWIFT_FLAGS = "$(inherited)";
				PRODUCT_BUNDLE_IDENTIFIER = PubNub;
				PRODUCT_MODULE_NAME = "$(TARGET_NAME:c99extidentifier)";
				PRODUCT_NAME = "$(TARGET_NAME:c99extidentifier)";
				PROVISIONING_PROFILE_SPECIFIER = "";
				SKIP_INSTALL = YES;
				SWIFT_ACTIVE_COMPILATION_CONDITIONS = "$(inherited)";
				SWIFT_VERSION = 5.0;
				TARGET_NAME = PubNub;
			};
			name = Debug;
		};
		OBJ_29 /* Release */ = {
			isa = XCBuildConfiguration;
			buildSettings = {
				CODE_SIGN_STYLE = Automatic;
				DEVELOPMENT_TEAM = 8XP4D6N55Z;
				ENABLE_TESTABILITY = YES;
				FRAMEWORK_SEARCH_PATHS = (
					"$(inherited)",
					"$(PLATFORM_DIR)/Developer/Library/Frameworks",
				);
				HEADER_SEARCH_PATHS = "$(inherited)";
				INFOPLIST_FILE = PubNub.xcodeproj/PubNub_Info.plist;
				LD_RUNPATH_SEARCH_PATHS = "$(inherited) $(TOOLCHAIN_DIR)/usr/lib/swift/macosx";
				OTHER_CFLAGS = "$(inherited)";
				OTHER_LDFLAGS = "$(inherited)";
				OTHER_SWIFT_FLAGS = "$(inherited)";
				PRODUCT_BUNDLE_IDENTIFIER = PubNub;
				PRODUCT_MODULE_NAME = "$(TARGET_NAME:c99extidentifier)";
				PRODUCT_NAME = "$(TARGET_NAME:c99extidentifier)";
				PROVISIONING_PROFILE_SPECIFIER = "";
				SKIP_INSTALL = YES;
				SWIFT_ACTIVE_COMPILATION_CONDITIONS = "$(inherited)";
				SWIFT_VERSION = 5.0;
				TARGET_NAME = PubNub;
			};
			name = Release;
		};
		OBJ_3 /* Debug */ = {
			isa = XCBuildConfiguration;
			buildSettings = {
				CLANG_ENABLE_OBJC_ARC = YES;
				COMBINE_HIDPI_IMAGES = YES;
				COPY_PHASE_STRIP = NO;
				DEBUG_INFORMATION_FORMAT = dwarf;
				DYLIB_INSTALL_NAME_BASE = "@rpath";
				ENABLE_NS_ASSERTIONS = YES;
				GCC_OPTIMIZATION_LEVEL = 0;
				GCC_PREPROCESSOR_DEFINITIONS = (
					"$(inherited)",
					"SWIFT_PACKAGE=1",
					"DEBUG=1",
				);
				IPHONEOS_DEPLOYMENT_TARGET = 8.0;
				MACOSX_DEPLOYMENT_TARGET = 10.10;
				ONLY_ACTIVE_ARCH = YES;
				OTHER_SWIFT_FLAGS = "-DXcode";
				PRODUCT_NAME = "$(TARGET_NAME)";
				SDKROOT = macosx;
				SUPPORTED_PLATFORMS = "macosx iphoneos iphonesimulator appletvos appletvsimulator watchos watchsimulator";
				SWIFT_ACTIVE_COMPILATION_CONDITIONS = "$(inherited) SWIFT_PACKAGE DEBUG";
				SWIFT_OPTIMIZATION_LEVEL = "-Onone";
				TVOS_DEPLOYMENT_TARGET = 9.0;
				USE_HEADERMAP = NO;
				WATCHOS_DEPLOYMENT_TARGET = 2.0;
			};
			name = Debug;
		};
		OBJ_35 /* Debug */ = {
			isa = XCBuildConfiguration;
			buildSettings = {
				LD = /usr/bin/true;
				OTHER_SWIFT_FLAGS = "-swift-version 5 -I $(TOOLCHAIN_DIR)/usr/lib/swift/pm/4_2 -target x86_64-apple-macosx10.10 -sdk /Applications/Xcode.app/Contents/Developer/Platforms/MacOSX.platform/Developer/SDKs/MacOSX10.14.sdk";
				SWIFT_VERSION = 5.0;
			};
			name = Debug;
		};
		OBJ_36 /* Release */ = {
			isa = XCBuildConfiguration;
			buildSettings = {
				LD = /usr/bin/true;
				OTHER_SWIFT_FLAGS = "-swift-version 5 -I $(TOOLCHAIN_DIR)/usr/lib/swift/pm/4_2 -target x86_64-apple-macosx10.10 -sdk /Applications/Xcode.app/Contents/Developer/Platforms/MacOSX.platform/Developer/SDKs/MacOSX10.14.sdk";
				SWIFT_VERSION = 5.0;
			};
			name = Release;
		};
		OBJ_4 /* Release */ = {
			isa = XCBuildConfiguration;
			buildSettings = {
				CLANG_ENABLE_OBJC_ARC = YES;
				COMBINE_HIDPI_IMAGES = YES;
				COPY_PHASE_STRIP = YES;
				DEBUG_INFORMATION_FORMAT = "dwarf-with-dsym";
				DYLIB_INSTALL_NAME_BASE = "@rpath";
				GCC_OPTIMIZATION_LEVEL = s;
				GCC_PREPROCESSOR_DEFINITIONS = (
					"$(inherited)",
					"SWIFT_PACKAGE=1",
				);
				IPHONEOS_DEPLOYMENT_TARGET = 8.0;
				MACOSX_DEPLOYMENT_TARGET = 10.10;
				OTHER_SWIFT_FLAGS = "-DXcode";
				PRODUCT_NAME = "$(TARGET_NAME)";
				SDKROOT = macosx;
				SUPPORTED_PLATFORMS = "macosx iphoneos iphonesimulator appletvos appletvsimulator watchos watchsimulator";
				SWIFT_ACTIVE_COMPILATION_CONDITIONS = "$(inherited) SWIFT_PACKAGE";
				SWIFT_OPTIMIZATION_LEVEL = "-Owholemodule";
				TVOS_DEPLOYMENT_TARGET = 9.0;
				USE_HEADERMAP = NO;
				WATCHOS_DEPLOYMENT_TARGET = 2.0;
			};
			name = Release;
		};
		OBJ_41 /* Debug */ = {
			isa = XCBuildConfiguration;
			buildSettings = {
			};
			name = Debug;
		};
		OBJ_42 /* Release */ = {
			isa = XCBuildConfiguration;
			buildSettings = {
			};
			name = Release;
		};
		OBJ_46 /* Debug */ = {
			isa = XCBuildConfiguration;
			buildSettings = {
				CLANG_ENABLE_MODULES = YES;
				CODE_SIGN_STYLE = Automatic;
				DEVELOPMENT_TEAM = 8XP4D6N55Z;
				EMBEDDED_CONTENT_CONTAINS_SWIFT = YES;
				FRAMEWORK_SEARCH_PATHS = (
					"$(inherited)",
					"$(PLATFORM_DIR)/Developer/Library/Frameworks",
				);
				HEADER_SEARCH_PATHS = "$(inherited)";
				INFOPLIST_FILE = PubNub.xcodeproj/PubNubTests_Info.plist;
				LD_RUNPATH_SEARCH_PATHS = "$(inherited) @loader_path/../Frameworks @loader_path/Frameworks";
				OTHER_CFLAGS = "$(inherited)";
				OTHER_LDFLAGS = "$(inherited)";
				OTHER_SWIFT_FLAGS = "$(inherited)";
				PROVISIONING_PROFILE_SPECIFIER = "";
				SWIFT_ACTIVE_COMPILATION_CONDITIONS = "$(inherited)";
				SWIFT_VERSION = 5.0;
				TARGET_NAME = PubNubTests;
			};
			name = Debug;
		};
		OBJ_47 /* Release */ = {
			isa = XCBuildConfiguration;
			buildSettings = {
				CLANG_ENABLE_MODULES = YES;
				CODE_SIGN_STYLE = Automatic;
				DEVELOPMENT_TEAM = 8XP4D6N55Z;
				EMBEDDED_CONTENT_CONTAINS_SWIFT = YES;
				FRAMEWORK_SEARCH_PATHS = (
					"$(inherited)",
					"$(PLATFORM_DIR)/Developer/Library/Frameworks",
				);
				HEADER_SEARCH_PATHS = "$(inherited)";
				INFOPLIST_FILE = PubNub.xcodeproj/PubNubTests_Info.plist;
				LD_RUNPATH_SEARCH_PATHS = "$(inherited) @loader_path/../Frameworks @loader_path/Frameworks";
				OTHER_CFLAGS = "$(inherited)";
				OTHER_LDFLAGS = "$(inherited)";
				OTHER_SWIFT_FLAGS = "$(inherited)";
				PROVISIONING_PROFILE_SPECIFIER = "";
				SWIFT_ACTIVE_COMPILATION_CONDITIONS = "$(inherited)";
				SWIFT_VERSION = 5.0;
				TARGET_NAME = PubNubTests;
			};
			name = Release;
		};
/* End XCBuildConfiguration section */

/* Begin XCConfigurationList section */
		359152A522BA9F380048842D /* Build configuration list for PBXAggregateTarget "Linting" */ = {
			isa = XCConfigurationList;
			buildConfigurations = (
				359152A622BA9F380048842D /* Debug */,
				359152A722BA9F380048842D /* Release */,
			);
			defaultConfigurationIsVisible = 0;
			defaultConfigurationName = Release;
		};
		OBJ_2 /* Build configuration list for PBXProject "PubNub" */ = {
			isa = XCConfigurationList;
			buildConfigurations = (
				OBJ_3 /* Debug */,
				OBJ_4 /* Release */,
			);
			defaultConfigurationIsVisible = 0;
			defaultConfigurationName = Release;
		};
		OBJ_27 /* Build configuration list for PBXNativeTarget "PubNub" */ = {
			isa = XCConfigurationList;
			buildConfigurations = (
				OBJ_28 /* Debug */,
				OBJ_29 /* Release */,
			);
			defaultConfigurationIsVisible = 0;
			defaultConfigurationName = Release;
		};
		OBJ_34 /* Build configuration list for PBXNativeTarget "PubNubPackageDescription" */ = {
			isa = XCConfigurationList;
			buildConfigurations = (
				OBJ_35 /* Debug */,
				OBJ_36 /* Release */,
			);
			defaultConfigurationIsVisible = 0;
			defaultConfigurationName = Release;
		};
		OBJ_40 /* Build configuration list for PBXAggregateTarget "PubNubPackageTests" */ = {
			isa = XCConfigurationList;
			buildConfigurations = (
				OBJ_41 /* Debug */,
				OBJ_42 /* Release */,
			);
			defaultConfigurationIsVisible = 0;
			defaultConfigurationName = Release;
		};
		OBJ_45 /* Build configuration list for PBXNativeTarget "PubNubTests" */ = {
			isa = XCConfigurationList;
			buildConfigurations = (
				OBJ_46 /* Debug */,
				OBJ_47 /* Release */,
			);
			defaultConfigurationIsVisible = 0;
			defaultConfigurationName = Release;
		};
/* End XCConfigurationList section */
	};
	rootObject = OBJ_1 /* Project object */;
}
