// !$*UTF8*$!
{
	archiveVersion = 1;
	classes = {
	};
	objectVersion = 52;
	objects = {

/* Begin PBXBuildFile section */
		3567432822DF974600BF2639 /* MasterDetailTableViewController.swift in Sources */ = {isa = PBXBuildFile; fileRef = 359F779922B7FEF600B6B46F /* MasterDetailTableViewController.swift */; };
		357AD4EC252D067800099EB7 /* FileAPIViewController.swift in Sources */ = {isa = PBXBuildFile; fileRef = 357AD4EB252D067800099EB7 /* FileAPIViewController.swift */; };
		357AD4EE252D087800099EB7 /* FileAPI.storyboard in Resources */ = {isa = PBXBuildFile; fileRef = 357AD4ED252D087800099EB7 /* FileAPI.storyboard */; };
		357AD4F2252E2FFF00099EB7 /* FileTableViewCell.swift in Sources */ = {isa = PBXBuildFile; fileRef = 357AD4F1252E2FFF00099EB7 /* FileTableViewCell.swift */; };
		357AD4F4252E302900099EB7 /* LocalFileExample.swift in Sources */ = {isa = PBXBuildFile; fileRef = 357AD4F3252E302900099EB7 /* LocalFileExample.swift */; };
		359F779822B7FEF600B6B46F /* AppDelegate.swift in Sources */ = {isa = PBXBuildFile; fileRef = 359F779722B7FEF600B6B46F /* AppDelegate.swift */; };
		359F779D22B7FEF700B6B46F /* Main.storyboard in Resources */ = {isa = PBXBuildFile; fileRef = 359F779B22B7FEF700B6B46F /* Main.storyboard */; };
		359F779F22B7FEF700B6B46F /* Assets.xcassets in Resources */ = {isa = PBXBuildFile; fileRef = 359F779E22B7FEF700B6B46F /* Assets.xcassets */; };
		359F77A222B7FEF700B6B46F /* LaunchScreen.storyboard in Resources */ = {isa = PBXBuildFile; fileRef = 359F77A022B7FEF700B6B46F /* LaunchScreen.storyboard */; };
		35F0258F22BAC6C9007BD7D3 /* ConfigDetailTableViewController.swift in Sources */ = {isa = PBXBuildFile; fileRef = 35F0258E22BAC6C9007BD7D3 /* ConfigDetailTableViewController.swift */; };
		792CF27228C4FBB300C83408 /* PubNub in Frameworks */ = {isa = PBXBuildFile; productRef = 792CF27128C4FBB300C83408 /* PubNub */; };
		792CF27428C4FBB300C83408 /* PubNubMembership in Frameworks */ = {isa = PBXBuildFile; productRef = 792CF27328C4FBB300C83408 /* PubNubMembership */; };
		792CF27628C4FBB300C83408 /* PubNubSpace in Frameworks */ = {isa = PBXBuildFile; productRef = 792CF27528C4FBB300C83408 /* PubNubSpace */; };
		792CF27828C4FBB300C83408 /* PubNubUser in Frameworks */ = {isa = PBXBuildFile; productRef = 792CF27728C4FBB300C83408 /* PubNubUser */; };
/* End PBXBuildFile section */

/* Begin PBXCopyFilesBuildPhase section */
		35458BA0230C995C0085B502 /* Embed Frameworks */ = {
			isa = PBXCopyFilesBuildPhase;
			buildActionMask = 2147483647;
			dstPath = "";
			dstSubfolderSpec = 10;
			files = (
			);
			name = "Embed Frameworks";
			runOnlyForDeploymentPostprocessing = 0;
		};
		359F782022B808C700B6B46F /* Embed Watch Content */ = {
			isa = PBXCopyFilesBuildPhase;
			buildActionMask = 2147483647;
			dstPath = "$(CONTENTS_FOLDER_PATH)/Watch";
			dstSubfolderSpec = 16;
			files = (
			);
			name = "Embed Watch Content";
			runOnlyForDeploymentPostprocessing = 0;
		};
/* End PBXCopyFilesBuildPhase section */

/* Begin PBXFileReference section */
		35304F9022FF64D4006A02CA /* iOS Example.entitlements */ = {isa = PBXFileReference; lastKnownFileType = text.plist.entitlements; path = "iOS Example.entitlements"; sourceTree = SOURCE_ROOT; };
		357AD4EB252D067800099EB7 /* FileAPIViewController.swift */ = {isa = PBXFileReference; lastKnownFileType = sourcecode.swift; path = FileAPIViewController.swift; sourceTree = "<group>"; };
		357AD4ED252D087800099EB7 /* FileAPI.storyboard */ = {isa = PBXFileReference; lastKnownFileType = file.storyboard; path = FileAPI.storyboard; sourceTree = "<group>"; };
		357AD4F1252E2FFF00099EB7 /* FileTableViewCell.swift */ = {isa = PBXFileReference; lastKnownFileType = sourcecode.swift; path = FileTableViewCell.swift; sourceTree = "<group>"; };
		357AD4F3252E302900099EB7 /* LocalFileExample.swift */ = {isa = PBXFileReference; lastKnownFileType = sourcecode.swift; path = LocalFileExample.swift; sourceTree = "<group>"; };
		359F779422B7FEF600B6B46F /* iOS Example.app */ = {isa = PBXFileReference; explicitFileType = wrapper.application; includeInIndex = 0; path = "iOS Example.app"; sourceTree = BUILT_PRODUCTS_DIR; };
		359F779722B7FEF600B6B46F /* AppDelegate.swift */ = {isa = PBXFileReference; lastKnownFileType = sourcecode.swift; path = AppDelegate.swift; sourceTree = "<group>"; };
		359F779922B7FEF600B6B46F /* MasterDetailTableViewController.swift */ = {isa = PBXFileReference; lastKnownFileType = sourcecode.swift; path = MasterDetailTableViewController.swift; sourceTree = "<group>"; };
		359F779C22B7FEF700B6B46F /* Base */ = {isa = PBXFileReference; lastKnownFileType = file.storyboard; name = Base; path = Base.lproj/Main.storyboard; sourceTree = "<group>"; };
		359F779E22B7FEF700B6B46F /* Assets.xcassets */ = {isa = PBXFileReference; lastKnownFileType = folder.assetcatalog; path = Assets.xcassets; sourceTree = "<group>"; };
		359F77A122B7FEF700B6B46F /* Base */ = {isa = PBXFileReference; lastKnownFileType = file.storyboard; name = Base; path = Base.lproj/LaunchScreen.storyboard; sourceTree = "<group>"; };
		359F77A322B7FEF700B6B46F /* Info.plist */ = {isa = PBXFileReference; lastKnownFileType = text.plist.xml; path = Info.plist; sourceTree = "<group>"; };
		359F77AA22B7FF5700B6B46F /* PubNub.framework */ = {isa = PBXFileReference; explicitFileType = wrapper.framework; path = PubNub.framework; sourceTree = BUILT_PRODUCTS_DIR; };
		35F0258E22BAC6C9007BD7D3 /* ConfigDetailTableViewController.swift */ = {isa = PBXFileReference; lastKnownFileType = sourcecode.swift; path = ConfigDetailTableViewController.swift; sourceTree = "<group>"; };
		792CF27A28C4FCB800C83408 /* PubNub SDK */ = {isa = PBXFileReference; lastKnownFileType = wrapper; name = "PubNub SDK"; path = ..; sourceTree = "<group>"; };
/* End PBXFileReference section */

/* Begin PBXFrameworksBuildPhase section */
		359F779122B7FEF600B6B46F /* Frameworks */ = {
			isa = PBXFrameworksBuildPhase;
			buildActionMask = 2147483647;
			files = (
				792CF27428C4FBB300C83408 /* PubNubMembership in Frameworks */,
				792CF27828C4FBB300C83408 /* PubNubUser in Frameworks */,
				792CF27628C4FBB300C83408 /* PubNubSpace in Frameworks */,
				792CF27228C4FBB300C83408 /* PubNub in Frameworks */,
			);
			runOnlyForDeploymentPostprocessing = 0;
		};
/* End PBXFrameworksBuildPhase section */

/* Begin PBXGroup section */
		357AD4F0252E2FD600099EB7 /* File */ = {
			isa = PBXGroup;
			children = (
				357AD4EB252D067800099EB7 /* FileAPIViewController.swift */,
				357AD4F1252E2FFF00099EB7 /* FileTableViewCell.swift */,
				357AD4F3252E302900099EB7 /* LocalFileExample.swift */,
				357AD4ED252D087800099EB7 /* FileAPI.storyboard */,
			);
			path = File;
			sourceTree = "<group>";
		};
		359F778B22B7FEF600B6B46F = {
			isa = PBXGroup;
			children = (
				792CF27928C4FCB800C83408 /* Packages */,
				35F0258A22BAC173007BD7D3 /* Sources */,
				359F779622B7FEF600B6B46F /* iOS Example */,
				359F779522B7FEF600B6B46F /* Products */,
				359F77A922B7FF5700B6B46F /* Frameworks */,
			);
			sourceTree = "<group>";
		};
		359F779522B7FEF600B6B46F /* Products */ = {
			isa = PBXGroup;
			children = (
				359F779422B7FEF600B6B46F /* iOS Example.app */,
			);
			name = Products;
			sourceTree = "<group>";
		};
		359F779622B7FEF600B6B46F /* iOS Example */ = {
			isa = PBXGroup;
			children = (
				35304F9022FF64D4006A02CA /* iOS Example.entitlements */,
				359F77CF22B8070900B6B46F /* Resources */,
			);
			name = "iOS Example";
			path = "Example-iOS";
			sourceTree = "<group>";
		};
		359F77A922B7FF5700B6B46F /* Frameworks */ = {
			isa = PBXGroup;
			children = (
				359F77AA22B7FF5700B6B46F /* PubNub.framework */,
			);
			name = Frameworks;
			sourceTree = "<group>";
		};
		359F77CF22B8070900B6B46F /* Resources */ = {
			isa = PBXGroup;
			children = (
				359F779B22B7FEF700B6B46F /* Main.storyboard */,
				359F779E22B7FEF700B6B46F /* Assets.xcassets */,
				359F77A022B7FEF700B6B46F /* LaunchScreen.storyboard */,
				359F77A322B7FEF700B6B46F /* Info.plist */,
			);
			name = Resources;
			sourceTree = "<group>";
		};
		35F0258A22BAC173007BD7D3 /* Sources */ = {
			isa = PBXGroup;
			children = (
				359F779722B7FEF600B6B46F /* AppDelegate.swift */,
				359F779922B7FEF600B6B46F /* MasterDetailTableViewController.swift */,
				35F0258E22BAC6C9007BD7D3 /* ConfigDetailTableViewController.swift */,
				357AD4F0252E2FD600099EB7 /* File */,
			);
			path = Sources;
			sourceTree = "<group>";
		};
		792CF27928C4FCB800C83408 /* Packages */ = {
			isa = PBXGroup;
			children = (
				792CF27A28C4FCB800C83408 /* PubNub SDK */,
			);
			name = Packages;
			sourceTree = "<group>";
		};
/* End PBXGroup section */

/* Begin PBXNativeTarget section */
		359F779322B7FEF600B6B46F /* iOS Example */ = {
			isa = PBXNativeTarget;
			buildConfigurationList = 359F77A622B7FEF700B6B46F /* Build configuration list for PBXNativeTarget "iOS Example" */;
			buildPhases = (
				359F779022B7FEF600B6B46F /* Sources */,
				359F779122B7FEF600B6B46F /* Frameworks */,
				359F779222B7FEF600B6B46F /* Resources */,
				359F782022B808C700B6B46F /* Embed Watch Content */,
				35458BA0230C995C0085B502 /* Embed Frameworks */,
			);
			buildRules = (
			);
			dependencies = (
			);
			name = "iOS Example";
			packageProductDependencies = (
				792CF27128C4FBB300C83408 /* PubNub */,
				792CF27328C4FBB300C83408 /* PubNubMembership */,
				792CF27528C4FBB300C83408 /* PubNubSpace */,
				792CF27728C4FBB300C83408 /* PubNubUser */,
			);
			productName = swiftSdkiOS;
			productReference = 359F779422B7FEF600B6B46F /* iOS Example.app */;
			productType = "com.apple.product-type.application";
		};
/* End PBXNativeTarget section */

/* Begin PBXProject section */
		359F778C22B7FEF600B6B46F /* Project object */ = {
			isa = PBXProject;
			attributes = {
				LastSwiftUpdateCheck = 1020;
				LastUpgradeCheck = 1240;
				ORGANIZATIONNAME = PubNub;
				TargetAttributes = {
					359F779322B7FEF600B6B46F = {
						CreatedOnToolsVersion = 10.2.1;
						SystemCapabilities = {
							com.apple.Push = {
								enabled = 1;
							};
						};
					};
				};
			};
			buildConfigurationList = 359F778F22B7FEF600B6B46F /* Build configuration list for PBXProject "Examples" */;
			compatibilityVersion = "Xcode 9.3";
			developmentRegion = en;
			hasScannedForEncodings = 0;
			knownRegions = (
				en,
				Base,
			);
			mainGroup = 359F778B22B7FEF600B6B46F;
			packageReferences = (
			);
			productRefGroup = 359F779522B7FEF600B6B46F /* Products */;
			projectDirPath = "";
			projectRoot = "";
			targets = (
				359F779322B7FEF600B6B46F /* iOS Example */,
			);
		};
/* End PBXProject section */

/* Begin PBXResourcesBuildPhase section */
		359F779222B7FEF600B6B46F /* Resources */ = {
			isa = PBXResourcesBuildPhase;
			buildActionMask = 2147483647;
			files = (
				359F77A222B7FEF700B6B46F /* LaunchScreen.storyboard in Resources */,
				359F779F22B7FEF700B6B46F /* Assets.xcassets in Resources */,
				357AD4EE252D087800099EB7 /* FileAPI.storyboard in Resources */,
				359F779D22B7FEF700B6B46F /* Main.storyboard in Resources */,
			);
			runOnlyForDeploymentPostprocessing = 0;
		};
/* End PBXResourcesBuildPhase section */

/* Begin PBXSourcesBuildPhase section */
		359F779022B7FEF600B6B46F /* Sources */ = {
			isa = PBXSourcesBuildPhase;
			buildActionMask = 2147483647;
			files = (
				357AD4F4252E302900099EB7 /* LocalFileExample.swift in Sources */,
				35F0258F22BAC6C9007BD7D3 /* ConfigDetailTableViewController.swift in Sources */,
				3567432822DF974600BF2639 /* MasterDetailTableViewController.swift in Sources */,
				357AD4F2252E2FFF00099EB7 /* FileTableViewCell.swift in Sources */,
				359F779822B7FEF600B6B46F /* AppDelegate.swift in Sources */,
				357AD4EC252D067800099EB7 /* FileAPIViewController.swift in Sources */,
			);
			runOnlyForDeploymentPostprocessing = 0;
		};
/* End PBXSourcesBuildPhase section */

/* Begin PBXVariantGroup section */
		359F779B22B7FEF700B6B46F /* Main.storyboard */ = {
			isa = PBXVariantGroup;
			children = (
				359F779C22B7FEF700B6B46F /* Base */,
			);
			name = Main.storyboard;
			sourceTree = "<group>";
		};
		359F77A022B7FEF700B6B46F /* LaunchScreen.storyboard */ = {
			isa = PBXVariantGroup;
			children = (
				359F77A122B7FEF700B6B46F /* Base */,
			);
			name = LaunchScreen.storyboard;
			sourceTree = "<group>";
		};
/* End PBXVariantGroup section */

/* Begin XCBuildConfiguration section */
		359F77A422B7FEF700B6B46F /* Debug */ = {
			isa = XCBuildConfiguration;
			buildSettings = {
				ALWAYS_SEARCH_USER_PATHS = NO;
				CLANG_ANALYZER_NONNULL = YES;
				CLANG_ANALYZER_NUMBER_OBJECT_CONVERSION = YES_AGGRESSIVE;
				CLANG_CXX_LANGUAGE_STANDARD = "gnu++14";
				CLANG_CXX_LIBRARY = "libc++";
				CLANG_ENABLE_MODULES = YES;
				CLANG_ENABLE_OBJC_ARC = YES;
				CLANG_ENABLE_OBJC_WEAK = YES;
				CLANG_WARN_BLOCK_CAPTURE_AUTORELEASING = YES;
				CLANG_WARN_BOOL_CONVERSION = YES;
				CLANG_WARN_COMMA = YES;
				CLANG_WARN_CONSTANT_CONVERSION = YES;
				CLANG_WARN_DEPRECATED_OBJC_IMPLEMENTATIONS = YES;
				CLANG_WARN_DIRECT_OBJC_ISA_USAGE = YES_ERROR;
				CLANG_WARN_DOCUMENTATION_COMMENTS = YES;
				CLANG_WARN_EMPTY_BODY = YES;
				CLANG_WARN_ENUM_CONVERSION = YES;
				CLANG_WARN_INFINITE_RECURSION = YES;
				CLANG_WARN_INT_CONVERSION = YES;
				CLANG_WARN_NON_LITERAL_NULL_CONVERSION = YES;
				CLANG_WARN_OBJC_IMPLICIT_RETAIN_SELF = YES;
				CLANG_WARN_OBJC_LITERAL_CONVERSION = YES;
				CLANG_WARN_OBJC_ROOT_CLASS = YES_ERROR;
				CLANG_WARN_QUOTED_INCLUDE_IN_FRAMEWORK_HEADER = YES;
				CLANG_WARN_RANGE_LOOP_ANALYSIS = YES;
				CLANG_WARN_STRICT_PROTOTYPES = YES;
				CLANG_WARN_SUSPICIOUS_MOVE = YES;
				CLANG_WARN_UNGUARDED_AVAILABILITY = YES_AGGRESSIVE;
				CLANG_WARN_UNREACHABLE_CODE = YES;
				CLANG_WARN__DUPLICATE_METHOD_MATCH = YES;
				CODE_SIGN_IDENTITY = "iPhone Developer";
				COPY_PHASE_STRIP = NO;
				DEBUG_INFORMATION_FORMAT = dwarf;
				ENABLE_STRICT_OBJC_MSGSEND = YES;
				ENABLE_TESTABILITY = YES;
				GCC_C_LANGUAGE_STANDARD = gnu11;
				GCC_DYNAMIC_NO_PIC = NO;
				GCC_NO_COMMON_BLOCKS = YES;
				GCC_OPTIMIZATION_LEVEL = 0;
				GCC_PREPROCESSOR_DEFINITIONS = (
					"DEBUG=1",
					"$(inherited)",
				);
				GCC_WARN_64_TO_32_BIT_CONVERSION = YES;
				GCC_WARN_ABOUT_RETURN_TYPE = YES_ERROR;
				GCC_WARN_UNDECLARED_SELECTOR = YES;
				GCC_WARN_UNINITIALIZED_AUTOS = YES_AGGRESSIVE;
				GCC_WARN_UNUSED_FUNCTION = YES;
				GCC_WARN_UNUSED_VARIABLE = YES;
				IPHONEOS_DEPLOYMENT_TARGET = 13.0;
				MACOSX_DEPLOYMENT_TARGET = 10.10;
				MTL_ENABLE_DEBUG_INFO = INCLUDE_SOURCE;
				MTL_FAST_MATH = YES;
				ONLY_ACTIVE_ARCH = YES;
				SDKROOT = iphoneos;
				SWIFT_ACTIVE_COMPILATION_CONDITIONS = DEBUG;
				SWIFT_OPTIMIZATION_LEVEL = "-Onone";
				TVOS_DEPLOYMENT_TARGET = 12.0;
				WATCHOS_DEPLOYMENT_TARGET = 2.0;
			};
			name = Debug;
		};
		359F77A522B7FEF700B6B46F /* Release */ = {
			isa = XCBuildConfiguration;
			buildSettings = {
				ALWAYS_SEARCH_USER_PATHS = NO;
				CLANG_ANALYZER_NONNULL = YES;
				CLANG_ANALYZER_NUMBER_OBJECT_CONVERSION = YES_AGGRESSIVE;
				CLANG_CXX_LANGUAGE_STANDARD = "gnu++14";
				CLANG_CXX_LIBRARY = "libc++";
				CLANG_ENABLE_MODULES = YES;
				CLANG_ENABLE_OBJC_ARC = YES;
				CLANG_ENABLE_OBJC_WEAK = YES;
				CLANG_WARN_BLOCK_CAPTURE_AUTORELEASING = YES;
				CLANG_WARN_BOOL_CONVERSION = YES;
				CLANG_WARN_COMMA = YES;
				CLANG_WARN_CONSTANT_CONVERSION = YES;
				CLANG_WARN_DEPRECATED_OBJC_IMPLEMENTATIONS = YES;
				CLANG_WARN_DIRECT_OBJC_ISA_USAGE = YES_ERROR;
				CLANG_WARN_DOCUMENTATION_COMMENTS = YES;
				CLANG_WARN_EMPTY_BODY = YES;
				CLANG_WARN_ENUM_CONVERSION = YES;
				CLANG_WARN_INFINITE_RECURSION = YES;
				CLANG_WARN_INT_CONVERSION = YES;
				CLANG_WARN_NON_LITERAL_NULL_CONVERSION = YES;
				CLANG_WARN_OBJC_IMPLICIT_RETAIN_SELF = YES;
				CLANG_WARN_OBJC_LITERAL_CONVERSION = YES;
				CLANG_WARN_OBJC_ROOT_CLASS = YES_ERROR;
				CLANG_WARN_QUOTED_INCLUDE_IN_FRAMEWORK_HEADER = YES;
				CLANG_WARN_RANGE_LOOP_ANALYSIS = YES;
				CLANG_WARN_STRICT_PROTOTYPES = YES;
				CLANG_WARN_SUSPICIOUS_MOVE = YES;
				CLANG_WARN_UNGUARDED_AVAILABILITY = YES_AGGRESSIVE;
				CLANG_WARN_UNREACHABLE_CODE = YES;
				CLANG_WARN__DUPLICATE_METHOD_MATCH = YES;
				CODE_SIGN_IDENTITY = "iPhone Developer";
				COPY_PHASE_STRIP = NO;
				DEBUG_INFORMATION_FORMAT = "dwarf-with-dsym";
				ENABLE_NS_ASSERTIONS = NO;
				ENABLE_STRICT_OBJC_MSGSEND = YES;
				GCC_C_LANGUAGE_STANDARD = gnu11;
				GCC_NO_COMMON_BLOCKS = YES;
				GCC_WARN_64_TO_32_BIT_CONVERSION = YES;
				GCC_WARN_ABOUT_RETURN_TYPE = YES_ERROR;
				GCC_WARN_UNDECLARED_SELECTOR = YES;
				GCC_WARN_UNINITIALIZED_AUTOS = YES_AGGRESSIVE;
				GCC_WARN_UNUSED_FUNCTION = YES;
				GCC_WARN_UNUSED_VARIABLE = YES;
				IPHONEOS_DEPLOYMENT_TARGET = 13.0;
				MACOSX_DEPLOYMENT_TARGET = 10.10;
				MTL_ENABLE_DEBUG_INFO = NO;
				MTL_FAST_MATH = YES;
				SDKROOT = iphoneos;
				SWIFT_COMPILATION_MODE = wholemodule;
				SWIFT_OPTIMIZATION_LEVEL = "-O";
				TVOS_DEPLOYMENT_TARGET = 12.0;
				VALIDATE_PRODUCT = YES;
				WATCHOS_DEPLOYMENT_TARGET = 2.0;
			};
			name = Release;
		};
		359F77A722B7FEF700B6B46F /* Debug */ = {
			isa = XCBuildConfiguration;
			buildSettings = {
				ALWAYS_EMBED_SWIFT_STANDARD_LIBRARIES = YES;
				ASSETCATALOG_COMPILER_APPICON_NAME = AppIcon;
				CODE_SIGN_ENTITLEMENTS = "iOS Example.entitlements";
				CODE_SIGN_STYLE = Automatic;
				DEVELOPMENT_TEAM = 8XP4D6N55Z;
				INFOPLIST_FILE = "Example-iOS/Info.plist";
				LD_RUNPATH_SEARCH_PATHS = (
					"$(inherited)",
					"@executable_path/Frameworks",
				);
				PRODUCT_BUNDLE_IDENTIFIER = com.pubnub.swiftSDK.example;
				PRODUCT_NAME = "$(TARGET_NAME)";
				SWIFT_VERSION = 5.0;
				TARGETED_DEVICE_FAMILY = "1,2";
			};
			name = Debug;
		};
		359F77A822B7FEF700B6B46F /* Release */ = {
			isa = XCBuildConfiguration;
			buildSettings = {
				ALWAYS_EMBED_SWIFT_STANDARD_LIBRARIES = YES;
				ASSETCATALOG_COMPILER_APPICON_NAME = AppIcon;
				CODE_SIGN_ENTITLEMENTS = "iOS Example.entitlements";
				CODE_SIGN_STYLE = Automatic;
				DEVELOPMENT_TEAM = 8XP4D6N55Z;
				INFOPLIST_FILE = "Example-iOS/Info.plist";
				LD_RUNPATH_SEARCH_PATHS = (
					"$(inherited)",
					"@executable_path/Frameworks",
				);
				PRODUCT_BUNDLE_IDENTIFIER = com.pubnub.swiftSDK.example;
				PRODUCT_NAME = "$(TARGET_NAME)";
				SWIFT_VERSION = 5.0;
				TARGETED_DEVICE_FAMILY = "1,2";
			};
			name = Release;
		};
/* End XCBuildConfiguration section */

/* Begin XCConfigurationList section */
		359F778F22B7FEF600B6B46F /* Build configuration list for PBXProject "Examples" */ = {
			isa = XCConfigurationList;
			buildConfigurations = (
				359F77A422B7FEF700B6B46F /* Debug */,
				359F77A522B7FEF700B6B46F /* Release */,
			);
			defaultConfigurationIsVisible = 0;
			defaultConfigurationName = Release;
		};
		359F77A622B7FEF700B6B46F /* Build configuration list for PBXNativeTarget "iOS Example" */ = {
			isa = XCConfigurationList;
			buildConfigurations = (
				359F77A722B7FEF700B6B46F /* Debug */,
				359F77A822B7FEF700B6B46F /* Release */,
			);
			defaultConfigurationIsVisible = 0;
			defaultConfigurationName = Release;
		};
/* End XCConfigurationList section */

/* Begin XCSwiftPackageProductDependency section */
		792CF27128C4FBB300C83408 /* PubNub */ = {
			isa = XCSwiftPackageProductDependency;
			productName = PubNub;
		};
		792CF27328C4FBB300C83408 /* PubNubMembership */ = {
			isa = XCSwiftPackageProductDependency;
			productName = PubNubMembership;
		};
		792CF27528C4FBB300C83408 /* PubNubSpace */ = {
			isa = XCSwiftPackageProductDependency;
			productName = PubNubSpace;
		};
		792CF27728C4FBB300C83408 /* PubNubUser */ = {
			isa = XCSwiftPackageProductDependency;
			productName = PubNubUser;
		};
/* End XCSwiftPackageProductDependency section */
	};
	rootObject = 359F778C22B7FEF600B6B46F /* Project object */;
}
